
Microsoft Visual Studio Solution File, Format Version 12.00
# Visual Studio 15
VisualStudioVersion = 15.0.26124.0
MinimumVisualStudioVersion = 15.0.26124.0
Project("{FAE04EC0-301F-11D3-BF4B-00C04F79EFBC}") = "RPGManager.Domain", "RPGManager.Domain\RPGManager.Domain.csproj", "{E06550C5-ACF8-4C84-8F57-CE72CD4DAA5F}"
EndProject
Project("{2150E333-8FDC-42A3-9474-1A3956D46DE8}") = "1 - API", "1 - API", "{D5D2AF00-D08D-4235-BBD5-0AEA11923CD0}"
EndProject
Project("{2150E333-8FDC-42A3-9474-1A3956D46DE8}") = "2 - Application", "2 - Application", "{63EA69EA-7920-4CDE-A510-55BFAEDD385E}"
EndProject
Project("{2150E333-8FDC-42A3-9474-1A3956D46DE8}") = "3 - Domain", "3 - Domain", "{2624D76F-2DAA-4A07-A197-C3D83E0CD78E}"
EndProject
Project("{2150E333-8FDC-42A3-9474-1A3956D46DE8}") = "4 - Repository", "4 - Repository", "{5484F4DA-796D-451A-9DB7-77F30F719C4C}"
EndProject
Project("{2150E333-8FDC-42A3-9474-1A3956D46DE8}") = "5 - CrossCutting", "5 - CrossCutting", "{48B69750-B5A3-4511-AE70-A1C7C501B1CB}"
EndProject
Project("{2150E333-8FDC-42A3-9474-1A3956D46DE8}") = "6 - Tests", "6 - Tests", "{1526E7F2-3928-4EBC-A89A-0215B0430886}"
EndProject
Project("{FAE04EC0-301F-11D3-BF4B-00C04F79EFBC}") = "RPGManager.Repository.EF", "RPGManager.Repository.EF\RPGManager.Repository.EF.csproj", "{24FCE874-69CA-45DE-802E-E2926F066C53}"
EndProject
Project("{FAE04EC0-301F-11D3-BF4B-00C04F79EFBC}") = "RPGManager.Application", "RPGManager.Application\RPGManager.Application.csproj", "{E27F7943-AA57-4223-A77E-46E569FCE867}"
EndProject
Project("{FAE04EC0-301F-11D3-BF4B-00C04F79EFBC}") = "RPGManager.CrossCutting.EmailService", "RPGManager.CrossCutting.EmailService\RPGManager.CrossCutting.EmailService.csproj", "{ED064708-C7CD-4DAA-A890-786CEC1E58CA}"
EndProject
Project("{FAE04EC0-301F-11D3-BF4B-00C04F79EFBC}") = "RPGManager.Tests.IntegrationTest", "RPGManager.Tests.IntegrationTest\RPGManager.Tests.IntegrationTest.csproj", "{91DF30BD-6237-49A4-BBF6-4EB64028BE43}"
EndProject
Project("{FAE04EC0-301F-11D3-BF4B-00C04F79EFBC}") = "RPGManager.Tests.UnitTest", "RPGManager.Tests.UnitTest\RPGManager.Tests.UnitTest.csproj", "{D569CA08-12F1-48CD-9453-D3E1ADD342B6}"
EndProject
Project("{FAE04EC0-301F-11D3-BF4B-00C04F79EFBC}") = "RPGManager.API", "RPGManager.API\RPGManager.API.csproj", "{A4842D1D-835F-49E9-9EC8-5B9784E51009}"
EndProject
Global
	GlobalSection(SolutionConfigurationPlatforms) = preSolution
		Debug|Any CPU = Debug|Any CPU
		Debug|x64 = Debug|x64
		Debug|x86 = Debug|x86
		Release|Any CPU = Release|Any CPU
		Release|x64 = Release|x64
		Release|x86 = Release|x86
	EndGlobalSection
	GlobalSection(SolutionProperties) = preSolution
		HideSolutionNode = FALSE
	EndGlobalSection
	GlobalSection(ProjectConfigurationPlatforms) = postSolution
		{E06550C5-ACF8-4C84-8F57-CE72CD4DAA5F}.Debug|Any CPU.ActiveCfg = Debug|Any CPU
		{E06550C5-ACF8-4C84-8F57-CE72CD4DAA5F}.Debug|Any CPU.Build.0 = Debug|Any CPU
		{E06550C5-ACF8-4C84-8F57-CE72CD4DAA5F}.Debug|x64.ActiveCfg = Debug|Any CPU
		{E06550C5-ACF8-4C84-8F57-CE72CD4DAA5F}.Debug|x64.Build.0 = Debug|Any CPU
		{E06550C5-ACF8-4C84-8F57-CE72CD4DAA5F}.Debug|x86.ActiveCfg = Debug|Any CPU
		{E06550C5-ACF8-4C84-8F57-CE72CD4DAA5F}.Debug|x86.Build.0 = Debug|Any CPU
		{E06550C5-ACF8-4C84-8F57-CE72CD4DAA5F}.Release|Any CPU.ActiveCfg = Release|Any CPU
		{E06550C5-ACF8-4C84-8F57-CE72CD4DAA5F}.Release|Any CPU.Build.0 = Release|Any CPU
		{E06550C5-ACF8-4C84-8F57-CE72CD4DAA5F}.Release|x64.ActiveCfg = Release|Any CPU
		{E06550C5-ACF8-4C84-8F57-CE72CD4DAA5F}.Release|x64.Build.0 = Release|Any CPU
		{E06550C5-ACF8-4C84-8F57-CE72CD4DAA5F}.Release|x86.ActiveCfg = Release|Any CPU
		{E06550C5-ACF8-4C84-8F57-CE72CD4DAA5F}.Release|x86.Build.0 = Release|Any CPU
		{24FCE874-69CA-45DE-802E-E2926F066C53}.Debug|Any CPU.ActiveCfg = Debug|Any CPU
		{24FCE874-69CA-45DE-802E-E2926F066C53}.Debug|Any CPU.Build.0 = Debug|Any CPU
		{24FCE874-69CA-45DE-802E-E2926F066C53}.Debug|x64.ActiveCfg = Debug|Any CPU
		{24FCE874-69CA-45DE-802E-E2926F066C53}.Debug|x64.Build.0 = Debug|Any CPU
		{24FCE874-69CA-45DE-802E-E2926F066C53}.Debug|x86.ActiveCfg = Debug|Any CPU
		{24FCE874-69CA-45DE-802E-E2926F066C53}.Debug|x86.Build.0 = Debug|Any CPU
		{24FCE874-69CA-45DE-802E-E2926F066C53}.Release|Any CPU.ActiveCfg = Release|Any CPU
		{24FCE874-69CA-45DE-802E-E2926F066C53}.Release|Any CPU.Build.0 = Release|Any CPU
		{24FCE874-69CA-45DE-802E-E2926F066C53}.Release|x64.ActiveCfg = Release|Any CPU
		{24FCE874-69CA-45DE-802E-E2926F066C53}.Release|x64.Build.0 = Release|Any CPU
		{24FCE874-69CA-45DE-802E-E2926F066C53}.Release|x86.ActiveCfg = Release|Any CPU
		{24FCE874-69CA-45DE-802E-E2926F066C53}.Release|x86.Build.0 = Release|Any CPU
		{E27F7943-AA57-4223-A77E-46E569FCE867}.Debug|Any CPU.ActiveCfg = Debug|Any CPU
		{E27F7943-AA57-4223-A77E-46E569FCE867}.Debug|Any CPU.Build.0 = Debug|Any CPU
		{E27F7943-AA57-4223-A77E-46E569FCE867}.Debug|x64.ActiveCfg = Debug|Any CPU
		{E27F7943-AA57-4223-A77E-46E569FCE867}.Debug|x64.Build.0 = Debug|Any CPU
		{E27F7943-AA57-4223-A77E-46E569FCE867}.Debug|x86.ActiveCfg = Debug|Any CPU
		{E27F7943-AA57-4223-A77E-46E569FCE867}.Debug|x86.Build.0 = Debug|Any CPU
		{E27F7943-AA57-4223-A77E-46E569FCE867}.Release|Any CPU.ActiveCfg = Release|Any CPU
		{E27F7943-AA57-4223-A77E-46E569FCE867}.Release|Any CPU.Build.0 = Release|Any CPU
		{E27F7943-AA57-4223-A77E-46E569FCE867}.Release|x64.ActiveCfg = Release|Any CPU
		{E27F7943-AA57-4223-A77E-46E569FCE867}.Release|x64.Build.0 = Release|Any CPU
		{E27F7943-AA57-4223-A77E-46E569FCE867}.Release|x86.ActiveCfg = Release|Any CPU
		{E27F7943-AA57-4223-A77E-46E569FCE867}.Release|x86.Build.0 = Release|Any CPU
		{ED064708-C7CD-4DAA-A890-786CEC1E58CA}.Debug|Any CPU.ActiveCfg = Debug|Any CPU
		{ED064708-C7CD-4DAA-A890-786CEC1E58CA}.Debug|Any CPU.Build.0 = Debug|Any CPU
		{ED064708-C7CD-4DAA-A890-786CEC1E58CA}.Debug|x64.ActiveCfg = Debug|Any CPU
		{ED064708-C7CD-4DAA-A890-786CEC1E58CA}.Debug|x64.Build.0 = Debug|Any CPU
		{ED064708-C7CD-4DAA-A890-786CEC1E58CA}.Debug|x86.ActiveCfg = Debug|Any CPU
		{ED064708-C7CD-4DAA-A890-786CEC1E58CA}.Debug|x86.Build.0 = Debug|Any CPU
		{ED064708-C7CD-4DAA-A890-786CEC1E58CA}.Release|Any CPU.ActiveCfg = Release|Any CPU
		{ED064708-C7CD-4DAA-A890-786CEC1E58CA}.Release|Any CPU.Build.0 = Release|Any CPU
		{ED064708-C7CD-4DAA-A890-786CEC1E58CA}.Release|x64.ActiveCfg = Release|Any CPU
		{ED064708-C7CD-4DAA-A890-786CEC1E58CA}.Release|x64.Build.0 = Release|Any CPU
		{ED064708-C7CD-4DAA-A890-786CEC1E58CA}.Release|x86.ActiveCfg = Release|Any CPU
		{ED064708-C7CD-4DAA-A890-786CEC1E58CA}.Release|x86.Build.0 = Release|Any CPU
		{91DF30BD-6237-49A4-BBF6-4EB64028BE43}.Debug|Any CPU.ActiveCfg = Debug|Any CPU
		{91DF30BD-6237-49A4-BBF6-4EB64028BE43}.Debug|Any CPU.Build.0 = Debug|Any CPU
		{91DF30BD-6237-49A4-BBF6-4EB64028BE43}.Debug|x64.ActiveCfg = Debug|Any CPU
		{91DF30BD-6237-49A4-BBF6-4EB64028BE43}.Debug|x64.Build.0 = Debug|Any CPU
		{91DF30BD-6237-49A4-BBF6-4EB64028BE43}.Debug|x86.ActiveCfg = Debug|Any CPU
		{91DF30BD-6237-49A4-BBF6-4EB64028BE43}.Debug|x86.Build.0 = Debug|Any CPU
		{91DF30BD-6237-49A4-BBF6-4EB64028BE43}.Release|Any CPU.ActiveCfg = Release|Any CPU
		{91DF30BD-6237-49A4-BBF6-4EB64028BE43}.Release|Any CPU.Build.0 = Release|Any CPU
		{91DF30BD-6237-49A4-BBF6-4EB64028BE43}.Release|x64.ActiveCfg = Release|Any CPU
		{91DF30BD-6237-49A4-BBF6-4EB64028BE43}.Release|x64.Build.0 = Release|Any CPU
		{91DF30BD-6237-49A4-BBF6-4EB64028BE43}.Release|x86.ActiveCfg = Release|Any CPU
		{91DF30BD-6237-49A4-BBF6-4EB64028BE43}.Release|x86.Build.0 = Release|Any CPU
		{D569CA08-12F1-48CD-9453-D3E1ADD342B6}.Debug|Any CPU.ActiveCfg = Debug|Any CPU
		{D569CA08-12F1-48CD-9453-D3E1ADD342B6}.Debug|Any CPU.Build.0 = Debug|Any CPU
		{D569CA08-12F1-48CD-9453-D3E1ADD342B6}.Debug|x64.ActiveCfg = Debug|Any CPU
		{D569CA08-12F1-48CD-9453-D3E1ADD342B6}.Debug|x64.Build.0 = Debug|Any CPU
		{D569CA08-12F1-48CD-9453-D3E1ADD342B6}.Debug|x86.ActiveCfg = Debug|Any CPU
		{D569CA08-12F1-48CD-9453-D3E1ADD342B6}.Debug|x86.Build.0 = Debug|Any CPU
		{D569CA08-12F1-48CD-9453-D3E1ADD342B6}.Release|Any CPU.ActiveCfg = Release|Any CPU
		{D569CA08-12F1-48CD-9453-D3E1ADD342B6}.Release|Any CPU.Build.0 = Release|Any CPU
		{D569CA08-12F1-48CD-9453-D3E1ADD342B6}.Release|x64.ActiveCfg = Release|Any CPU
		{D569CA08-12F1-48CD-9453-D3E1ADD342B6}.Release|x64.Build.0 = Release|Any CPU
		{D569CA08-12F1-48CD-9453-D3E1ADD342B6}.Release|x86.ActiveCfg = Release|Any CPU
		{D569CA08-12F1-48CD-9453-D3E1ADD342B6}.Release|x86.Build.0 = Release|Any CPU
		{A4842D1D-835F-49E9-9EC8-5B9784E51009}.Debug|Any CPU.ActiveCfg = Debug|Any CPU
		{A4842D1D-835F-49E9-9EC8-5B9784E51009}.Debug|Any CPU.Build.0 = Debug|Any CPU
		{A4842D1D-835F-49E9-9EC8-5B9784E51009}.Debug|x64.ActiveCfg = Debug|Any CPU
		{A4842D1D-835F-49E9-9EC8-5B9784E51009}.Debug|x64.Build.0 = Debug|Any CPU
		{A4842D1D-835F-49E9-9EC8-5B9784E51009}.Debug|x86.ActiveCfg = Debug|Any CPU
		{A4842D1D-835F-49E9-9EC8-5B9784E51009}.Debug|x86.Build.0 = Debug|Any CPU
		{A4842D1D-835F-49E9-9EC8-5B9784E51009}.Release|Any CPU.ActiveCfg = Release|Any CPU
		{A4842D1D-835F-49E9-9EC8-5B9784E51009}.Release|Any CPU.Build.0 = Release|Any CPU
		{A4842D1D-835F-49E9-9EC8-5B9784E51009}.Release|x64.ActiveCfg = Release|Any CPU
		{A4842D1D-835F-49E9-9EC8-5B9784E51009}.Release|x64.Build.0 = Release|Any CPU
		{A4842D1D-835F-49E9-9EC8-5B9784E51009}.Release|x86.ActiveCfg = Release|Any CPU
		{A4842D1D-835F-49E9-9EC8-5B9784E51009}.Release|x86.Build.0 = Release|Any CPU
	EndGlobalSection
	GlobalSection(NestedProjects) = preSolution
		{E06550C5-ACF8-4C84-8F57-CE72CD4DAA5F} = {2624D76F-2DAA-4A07-A197-C3D83E0CD78E}
		{24FCE874-69CA-45DE-802E-E2926F066C53} = {5484F4DA-796D-451A-9DB7-77F30F719C4C}
		{E27F7943-AA57-4223-A77E-46E569FCE867} = {63EA69EA-7920-4CDE-A510-55BFAEDD385E}
		{ED064708-C7CD-4DAA-A890-786CEC1E58CA} = {48B69750-B5A3-4511-AE70-A1C7C501B1CB}
		{91DF30BD-6237-49A4-BBF6-4EB64028BE43} = {1526E7F2-3928-4EBC-A89A-0215B0430886}
		{D569CA08-12F1-48CD-9453-D3E1ADD342B6} = {1526E7F2-3928-4EBC-A89A-0215B0430886}
		{A4842D1D-835F-49E9-9EC8-5B9784E51009} = {D5D2AF00-D08D-4235-BBD5-0AEA11923CD0}
	EndGlobalSection
EndGlobal
